Microsoft Visual Studio Solution File, Format Version 11.00
# Visual Studio 2010
Project("{8BC9CEB8-8B4A-11D0-8D11-00A0C91BC942}") = "ALL_BUILD", "ALL_BUILD.vcxproj", "{06CDBF64-1E43-3405-A164-9B240D713AD5}"
	ProjectSection(ProjectDependencies) = postProject
		{E59DCF32-0CA5-37B3-979E-AD097702BBA9} = {E59DCF32-0CA5-37B3-979E-AD097702BBA9}
		{0747EFA2-AB2F-32CD-90FA-202D2F929618} = {0747EFA2-AB2F-32CD-90FA-202D2F929618}
	EndProjectSection
EndProject
Project("{8BC9CEB8-8B4A-11D0-8D11-00A0C91BC942}") = "CMakeProject1", "CMakeProject1\CMakeProject1.vcxproj", "{E59DCF32-0CA5-37B3-979E-AD097702BBA9}"
	ProjectSection(ProjectDependencies) = postProject
		{0747EFA2-AB2F-32CD-90FA-202D2F929618} = {0747EFA2-AB2F-32CD-90FA-202D2F929618}
	EndProjectSection
EndProject
Project("{8BC9CEB8-8B4A-11D0-8D11-00A0C91BC942}") = "ZERO_CHECK", "ZERO_CHECK.vcxproj", "{0747EFA2-AB2F-32CD-90FA-202D2F929618}"
	ProjectSection(ProjectDependencies) = postProject
	EndProjectSection
EndProject
Global
	GlobalSection(SolutionConfigurationPlatforms) = preSolution
		Debug|Win32 = Debug|Win32
		Release|Win32 = Release|Win32
		MinSizeRel|Win32 = MinSizeRel|Win32
		RelWithDebInfo|Win32 = RelWithDebInfo|Win32
	EndGlobalSection
	GlobalSection(ProjectConfigurationPlatforms) = postSolution
		{06CDBF64-1E43-3405-A164-9B240D713AD5}.Debug|Win32.ActiveCfg = Debug|Win32
		{06CDBF64-1E43-3405-A164-9B240D713AD5}.Release|Win32.ActiveCfg = Release|Win32
		{06CDBF64-1E43-3405-A164-9B240D713AD5}.MinSizeRel|Win32.ActiveCfg = MinSizeRel|Win32
		{06CDBF64-1E43-3405-A164-9B240D713AD5}.RelWithDebInfo|Win32.ActiveCfg = RelWithDebInfo|Win32
		{E59DCF32-0CA5-37B3-979E-AD097702BBA9}.Debug|Win32.ActiveCfg = Debug|Win32
		{E59DCF32-0CA5-37B3-979E-AD097702BBA9}.Debug|Win32.Build.0 = Debug|Win32
		{E59DCF32-0CA5-37B3-979E-AD097702BBA9}.Release|Win32.ActiveCfg = Release|Win32
		{E59DCF32-0CA5-37B3-979E-AD097702BBA9}.Release|Win32.Build.0 = Release|Win32
		{E59DCF32-0CA5-37B3-979E-AD097702BBA9}.MinSizeRel|Win32.ActiveCfg = MinSizeRel|Win32
		{E59DCF32-0CA5-37B3-979E-AD097702BBA9}.MinSizeRel|Win32.Build.0 = MinSizeRel|Win32
		{E59DCF32-0CA5-37B3-979E-AD097702BBA9}.RelWithDebInfo|Win32.ActiveCfg = RelWithDebInfo|Win32
		{E59DCF32-0CA5-37B3-979E-AD097702BBA9}.RelWithDebInfo|Win32.Build.0 = RelWithDebInfo|Win32
		{0747EFA2-AB2F-32CD-90FA-202D2F929618}.Debug|Win32.ActiveCfg = Debug|Win32
		{0747EFA2-AB2F-32CD-90FA-202D2F929618}.Debug|Win32.Build.0 = Debug|Win32
		{0747EFA2-AB2F-32CD-90FA-202D2F929618}.Release|Win32.ActiveCfg = Release|Win32
		{0747EFA2-AB2F-32CD-90FA-202D2F929618}.Release|Win32.Build.0 = Release|Win32
		{0747EFA2-AB2F-32CD-90FA-202D2F929618}.MinSizeRel|Win32.ActiveCfg = MinSizeRel|Win32
		{0747EFA2-AB2F-32CD-90FA-202D2F929618}.MinSizeRel|Win32.Build.0 = MinSizeRel|Win32
		{0747EFA2-AB2F-32CD-90FA-202D2F929618}.RelWithDebInfo|Win32.ActiveCfg = RelWithDebInfo|Win32
		{0747EFA2-AB2F-32CD-90FA-202D2F929618}.RelWithDebInfo|Win32.Build.0 = RelWithDebInfo|Win32
	EndGlobalSection
	GlobalSection(ExtensibilityGlobals) = postSolution
		SolutionGuid = {85AFB493-6A22-3FD8-99F2-E59A6AA806DA}
	EndGlobalSection
	GlobalSection(ExtensibilityAddIns) = postSolution
	EndGlobalSection
EndGlobal
